
Microsoft Visual Studio Solution File, Format Version 12.00
# Visual Studio Version 17
VisualStudioVersion = 17.4.33110.190
MinimumVisualStudioVersion = 10.0.40219.1
Project("{FAE04EC0-301F-11D3-BF4B-00C04F79EFBC}") = "AutoMapperApp", "AutoMapperApp\AutoMapperApp.csproj", "{2574063D-A180-4475-8ACD-548E0480E6E7}"
EndProject
Global
	GlobalSection(SolutionConfigurationPlatforms) = preSolution
		Debug|Any CPU = Debug|Any CPU
		Release|Any CPU = Release|Any CPU
	EndGlobalSection
	GlobalSection(ProjectConfigurationPlatforms) = postSolution
		{2574063D-A180-4475-8ACD-548E0480E6E7}.Debug|Any CPU.ActiveCfg = Debug|Any CPU
		{2574063D-A180-4475-8ACD-548E0480E6E7}.Debug|Any CPU.Build.0 = Debug|Any CPU
		{2574063D-A180-4475-8ACD-548E0480E6E7}.Release|Any CPU.ActiveCfg = Release|Any CPU
		{2574063D-A180-4475-8ACD-548E0480E6E7}.Release|Any CPU.Build.0 = Release|Any CPU
	EndGlobalSection
	GlobalSection(SolutionProperties) = preSolution
		HideSolutionNode = FALSE
	EndGlobalSection
	GlobalSection(ExtensibilityGlobals) = postSolution
		SolutionGuid = {AC41760C-3C3F-4105-B60D-01E03F39ADE9}
	EndGlobalSection
EndGlobal
